
Microsoft Visual Studio Solution File, Format Version 12.00
# Visual Studio Version 17
VisualStudioVersion = 17.0.31903.59
MinimumVisualStudioVersion = 10.0.40219.1
Project("{2150E333-8FDC-42A3-9474-1A3956D46DE8}") = "src", "src", "{23BE61E8-6449-41F9-90DC-610391E0ECC1}"
EndProject
Project("{FAE04EC0-301F-11D3-BF4B-00C04F79EFBC}") = "IdentityServer", "src\IdentityServer\IdentityServer.csproj", "{70A9D1FA-0136-48A8-B6B0-EEA775C5A541}"
EndProject
Project("{FAE04EC0-301F-11D3-BF4B-00C04F79EFBC}") = "Api", "src\Api\Api.csproj", "{AD8C8F29-E53E-49C9-BE1A-240AC20AA69F}"
EndProject
Project("{FAE04EC0-301F-11D3-BF4B-00C04F79EFBC}") = "Client", "src\Client\Client.csproj", "{109FC52B-B1AA-4DF6-9DA1-94161F0DDA51}"
EndProject
Global
	GlobalSection(SolutionConfigurationPlatforms) = preSolution
		Debug|Any CPU = Debug|Any CPU
		Release|Any CPU = Release|Any CPU
	EndGlobalSection
	GlobalSection(SolutionProperties) = preSolution
		HideSolutionNode = FALSE
	EndGlobalSection
	GlobalSection(ProjectConfigurationPlatforms) = postSolution
		{70A9D1FA-0136-48A8-B6B0-EEA775C5A541}.Debug|Any CPU.ActiveCfg = Debug|Any CPU
		{70A9D1FA-0136-48A8-B6B0-EEA775C5A541}.Debug|Any CPU.Build.0 = Debug|Any CPU
		{70A9D1FA-0136-48A8-B6B0-EEA775C5A541}.Release|Any CPU.ActiveCfg = Release|Any CPU
		{70A9D1FA-0136-48A8-B6B0-EEA775C5A541}.Release|Any CPU.Build.0 = Release|Any CPU
		{AD8C8F29-E53E-49C9-BE1A-240AC20AA69F}.Debug|Any CPU.ActiveCfg = Debug|Any CPU
		{AD8C8F29-E53E-49C9-BE1A-240AC20AA69F}.Debug|Any CPU.Build.0 = Debug|Any CPU
		{AD8C8F29-E53E-49C9-BE1A-240AC20AA69F}.Release|Any CPU.ActiveCfg = Release|Any CPU
		{AD8C8F29-E53E-49C9-BE1A-240AC20AA69F}.Release|Any CPU.Build.0 = Release|Any CPU
		{109FC52B-B1AA-4DF6-9DA1-94161F0DDA51}.Debug|Any CPU.ActiveCfg = Debug|Any CPU
		{109FC52B-B1AA-4DF6-9DA1-94161F0DDA51}.Debug|Any CPU.Build.0 = Debug|Any CPU
		{109FC52B-B1AA-4DF6-9DA1-94161F0DDA51}.Release|Any CPU.ActiveCfg = Release|Any CPU
		{109FC52B-B1AA-4DF6-9DA1-94161F0DDA51}.Release|Any CPU.Build.0 = Release|Any CPU
	EndGlobalSection
	GlobalSection(NestedProjects) = preSolution
		{70A9D1FA-0136-48A8-B6B0-EEA775C5A541} = {23BE61E8-6449-41F9-90DC-610391E0ECC1}
		{AD8C8F29-E53E-49C9-BE1A-240AC20AA69F} = {23BE61E8-6449-41F9-90DC-610391E0ECC1}
		{109FC52B-B1AA-4DF6-9DA1-94161F0DDA51} = {23BE61E8-6449-41F9-90DC-610391E0ECC1}
	EndGlobalSection
EndGlobal
